# This file is automatically @generated by Cargo.
# It is not intended for manual editing.
version = 4

[[package]]
name = "dev-cli"
version = "0.1.0"
dependencies = [
 "ir",
 "query-ast",
 "resolver",
 "schema",
]

[[package]]
name = "ir"
version = "0.1.0"

[[package]]
name = "query-ast"
version = "0.1.0"

[[package]]
name = "resolver"
version = "0.1.0"
dependencies = [
 "ir",
 "query-ast",
 "schema",
]

[[package]]
name = "schema"
version = "0.1.0"
